<?xml version="1.0" encoding="UTF-8"?>
<Project ToolsVersion="14.0" xmlns="http://schemas.microsoft.com/developer/msbuild/2003">
  <ItemGroup>
    <ClCompile Include="C:\Users\fboli\Documents\GitHub\master_informatica-TVG\script1\task1\src\HelloWorld.cxx">
      <Filter>Source Files</Filter>
    </ClCompile>
  </ItemGroup>
  <ItemGroup>
    <CustomBuild Include="C:\Users\fboli\Documents\GitHub\master_informatica-TVG\script1\task1\src\CMakeLists.txt" />
  </ItemGroup>
  <ItemGroup>
    <Filter Include="Source Files">
      <UniqueIdentifier>{C6CA8F33-B1DC-3560-92BB-B07E18947810}</UniqueIdentifier>
    </Filter>
  </ItemGroup>
</Project>
