Microsoft Visual Studio Solution File, Format Version 12.00
# Visual Studio 14
Project("{8BC9CEB8-8B4A-11D0-8D11-00A0C91BC942}") = "ALL_BUILD", "ALL_BUILD.vcxproj", "{24D46312-1E15-3C8F-B64E-C6307C8261CD}"
	ProjectSection(ProjectDependencies) = postProject
		{435C16D6-CBCB-3FD7-A76B-2BD12B6FAE85} = {435C16D6-CBCB-3FD7-A76B-2BD12B6FAE85}
		{20CEDCBC-695A-3808-A00F-12AD91D9C99D} = {20CEDCBC-695A-3808-A00F-12AD91D9C99D}
	EndProjectSection
EndProject
Project("{8BC9CEB8-8B4A-11D0-8D11-00A0C91BC942}") = "Image2", "Image2.vcxproj", "{435C16D6-CBCB-3FD7-A76B-2BD12B6FAE85}"
	ProjectSection(ProjectDependencies) = postProject
		{20CEDCBC-695A-3808-A00F-12AD91D9C99D} = {20CEDCBC-695A-3808-A00F-12AD91D9C99D}
	EndProjectSection
EndProject
Project("{8BC9CEB8-8B4A-11D0-8D11-00A0C91BC942}") = "ZERO_CHECK", "ZERO_CHECK.vcxproj", "{20CEDCBC-695A-3808-A00F-12AD91D9C99D}"
	ProjectSection(ProjectDependencies) = postProject
	EndProjectSection
EndProject
Global
	GlobalSection(SolutionConfigurationPlatforms) = preSolution
		Debug|Win32 = Debug|Win32
		Release|Win32 = Release|Win32
		MinSizeRel|Win32 = MinSizeRel|Win32
		RelWithDebInfo|Win32 = RelWithDebInfo|Win32
	EndGlobalSection
	GlobalSection(ProjectConfigurationPlatforms) = postSolution
		{24D46312-1E15-3C8F-B64E-C6307C8261CD}.Debug|Win32.ActiveCfg = Debug|Win32
		{24D46312-1E15-3C8F-B64E-C6307C8261CD}.Release|Win32.ActiveCfg = Release|Win32
		{24D46312-1E15-3C8F-B64E-C6307C8261CD}.MinSizeRel|Win32.ActiveCfg = MinSizeRel|Win32
		{24D46312-1E15-3C8F-B64E-C6307C8261CD}.RelWithDebInfo|Win32.ActiveCfg = RelWithDebInfo|Win32
		{435C16D6-CBCB-3FD7-A76B-2BD12B6FAE85}.Debug|Win32.ActiveCfg = Debug|Win32
		{435C16D6-CBCB-3FD7-A76B-2BD12B6FAE85}.Debug|Win32.Build.0 = Debug|Win32
		{435C16D6-CBCB-3FD7-A76B-2BD12B6FAE85}.Release|Win32.ActiveCfg = Release|Win32
		{435C16D6-CBCB-3FD7-A76B-2BD12B6FAE85}.Release|Win32.Build.0 = Release|Win32
		{435C16D6-CBCB-3FD7-A76B-2BD12B6FAE85}.MinSizeRel|Win32.ActiveCfg = MinSizeRel|Win32
		{435C16D6-CBCB-3FD7-A76B-2BD12B6FAE85}.MinSizeRel|Win32.Build.0 = MinSizeRel|Win32
		{435C16D6-CBCB-3FD7-A76B-2BD12B6FAE85}.RelWithDebInfo|Win32.ActiveCfg = RelWithDebInfo|Win32
		{435C16D6-CBCB-3FD7-A76B-2BD12B6FAE85}.RelWithDebInfo|Win32.Build.0 = RelWithDebInfo|Win32
		{20CEDCBC-695A-3808-A00F-12AD91D9C99D}.Debug|Win32.ActiveCfg = Debug|Win32
		{20CEDCBC-695A-3808-A00F-12AD91D9C99D}.Debug|Win32.Build.0 = Debug|Win32
		{20CEDCBC-695A-3808-A00F-12AD91D9C99D}.Release|Win32.ActiveCfg = Release|Win32
		{20CEDCBC-695A-3808-A00F-12AD91D9C99D}.Release|Win32.Build.0 = Release|Win32
		{20CEDCBC-695A-3808-A00F-12AD91D9C99D}.MinSizeRel|Win32.ActiveCfg = MinSizeRel|Win32
		{20CEDCBC-695A-3808-A00F-12AD91D9C99D}.MinSizeRel|Win32.Build.0 = MinSizeRel|Win32
		{20CEDCBC-695A-3808-A00F-12AD91D9C99D}.RelWithDebInfo|Win32.ActiveCfg = RelWithDebInfo|Win32
		{20CEDCBC-695A-3808-A00F-12AD91D9C99D}.RelWithDebInfo|Win32.Build.0 = RelWithDebInfo|Win32
	EndGlobalSection
	GlobalSection(ExtensibilityGlobals) = postSolution
	EndGlobalSection
	GlobalSection(ExtensibilityAddIns) = postSolution
	EndGlobalSection
EndGlobal
