Microsoft Visual Studio Solution File, Format Version 12.00
# Visual Studio 14
Project("{8BC9CEB8-8B4A-11D0-8D11-00A0C91BC942}") = "ALL_BUILD", "ALL_BUILD.vcxproj", "{24D46312-1E15-3C8F-B64E-C6307C8261CD}"
	ProjectSection(ProjectDependencies) = postProject
		{20CEDCBC-695A-3808-A00F-12AD91D9C99D} = {20CEDCBC-695A-3808-A00F-12AD91D9C99D}
		{8620E5E1-BC05-3A72-B1C0-D59F3A1C4ACF} = {8620E5E1-BC05-3A72-B1C0-D59F3A1C4ACF}
	EndProjectSection
EndProject
Project("{8BC9CEB8-8B4A-11D0-8D11-00A0C91BC942}") = "ZERO_CHECK", "ZERO_CHECK.vcxproj", "{20CEDCBC-695A-3808-A00F-12AD91D9C99D}"
	ProjectSection(ProjectDependencies) = postProject
	EndProjectSection
EndProject
Project("{8BC9CEB8-8B4A-11D0-8D11-00A0C91BC942}") = "task2", "task2.vcxproj", "{8620E5E1-BC05-3A72-B1C0-D59F3A1C4ACF}"
	ProjectSection(ProjectDependencies) = postProject
		{20CEDCBC-695A-3808-A00F-12AD91D9C99D} = {20CEDCBC-695A-3808-A00F-12AD91D9C99D}
	EndProjectSection
EndProject
Global
	GlobalSection(SolutionConfigurationPlatforms) = preSolution
		Debug|x64 = Debug|x64
		Release|x64 = Release|x64
		MinSizeRel|x64 = MinSizeRel|x64
		RelWithDebInfo|x64 = RelWithDebInfo|x64
	EndGlobalSection
	GlobalSection(ProjectConfigurationPlatforms) = postSolution
		{24D46312-1E15-3C8F-B64E-C6307C8261CD}.Debug|x64.ActiveCfg = Debug|x64
		{24D46312-1E15-3C8F-B64E-C6307C8261CD}.Release|x64.ActiveCfg = Release|x64
		{24D46312-1E15-3C8F-B64E-C6307C8261CD}.MinSizeRel|x64.ActiveCfg = MinSizeRel|x64
		{24D46312-1E15-3C8F-B64E-C6307C8261CD}.RelWithDebInfo|x64.ActiveCfg = RelWithDebInfo|x64
		{20CEDCBC-695A-3808-A00F-12AD91D9C99D}.Debug|x64.ActiveCfg = Debug|x64
		{20CEDCBC-695A-3808-A00F-12AD91D9C99D}.Debug|x64.Build.0 = Debug|x64
		{20CEDCBC-695A-3808-A00F-12AD91D9C99D}.Release|x64.ActiveCfg = Release|x64
		{20CEDCBC-695A-3808-A00F-12AD91D9C99D}.Release|x64.Build.0 = Release|x64
		{20CEDCBC-695A-3808-A00F-12AD91D9C99D}.MinSizeRel|x64.ActiveCfg = MinSizeRel|x64
		{20CEDCBC-695A-3808-A00F-12AD91D9C99D}.MinSizeRel|x64.Build.0 = MinSizeRel|x64
		{20CEDCBC-695A-3808-A00F-12AD91D9C99D}.RelWithDebInfo|x64.ActiveCfg = RelWithDebInfo|x64
		{20CEDCBC-695A-3808-A00F-12AD91D9C99D}.RelWithDebInfo|x64.Build.0 = RelWithDebInfo|x64
		{8620E5E1-BC05-3A72-B1C0-D59F3A1C4ACF}.Debug|x64.ActiveCfg = Debug|x64
		{8620E5E1-BC05-3A72-B1C0-D59F3A1C4ACF}.Debug|x64.Build.0 = Debug|x64
		{8620E5E1-BC05-3A72-B1C0-D59F3A1C4ACF}.Release|x64.ActiveCfg = Release|x64
		{8620E5E1-BC05-3A72-B1C0-D59F3A1C4ACF}.Release|x64.Build.0 = Release|x64
		{8620E5E1-BC05-3A72-B1C0-D59F3A1C4ACF}.MinSizeRel|x64.ActiveCfg = MinSizeRel|x64
		{8620E5E1-BC05-3A72-B1C0-D59F3A1C4ACF}.MinSizeRel|x64.Build.0 = MinSizeRel|x64
		{8620E5E1-BC05-3A72-B1C0-D59F3A1C4ACF}.RelWithDebInfo|x64.ActiveCfg = RelWithDebInfo|x64
		{8620E5E1-BC05-3A72-B1C0-D59F3A1C4ACF}.RelWithDebInfo|x64.Build.0 = RelWithDebInfo|x64
	EndGlobalSection
	GlobalSection(ExtensibilityGlobals) = postSolution
	EndGlobalSection
	GlobalSection(ExtensibilityAddIns) = postSolution
	EndGlobalSection
EndGlobal
